
Microsoft Visual Studio Solution File, Format Version 12.00
# Visual Studio Version 17
VisualStudioVersion = 17.11.35222.181
MinimumVisualStudioVersion = 10.0.40219.1
Project("{FAE04EC0-301F-11D3-BF4B-00C04F79EFBC}") = "juki  coba", "juki  coba\juki  coba.csproj", "{0F8A9E75-D0AC-4E27-AA2D-E93E2FBE7FFB}"
EndProject
Global
	GlobalSection(SolutionConfigurationPlatforms) = preSolution
		Debug|Any CPU = Debug|Any CPU
		Release|Any CPU = Release|Any CPU
	EndGlobalSection
	GlobalSection(ProjectConfigurationPlatforms) = postSolution
		{0F8A9E75-D0AC-4E27-AA2D-E93E2FBE7FFB}.Debug|Any CPU.ActiveCfg = Debug|Any CPU
		{0F8A9E75-D0AC-4E27-AA2D-E93E2FBE7FFB}.Debug|Any CPU.Build.0 = Debug|Any CPU
		{0F8A9E75-D0AC-4E27-AA2D-E93E2FBE7FFB}.Release|Any CPU.ActiveCfg = Release|Any CPU
		{0F8A9E75-D0AC-4E27-AA2D-E93E2FBE7FFB}.Release|Any CPU.Build.0 = Release|Any CPU
	EndGlobalSection
	GlobalSection(SolutionProperties) = preSolution
		HideSolutionNode = FALSE
	EndGlobalSection
	GlobalSection(ExtensibilityGlobals) = postSolution
		SolutionGuid = {DA95EE5D-9CAF-4A42-851E-25F824090BB2}
	EndGlobalSection
EndGlobal
